# generated by rye
# use `rye lock` or `rye sync` to update this lockfile
#
# last locked with the following flags:
#   pre: false
#   features: []
#   all-features: false
#   with-sources: false
#   generate-hashes: false
#   universal: false

-e file:.
cffi==1.17.1
    # via cryptography
cryptography==44.0.1
    # via extract-image
pillow==10.4.0
    # via extract-image
pycparser==2.22
    # via cffi
pypdf==4.3.1
    # via extract-image
